
Microsoft Visual Studio Solution File, Format Version 12.00
# Visual Studio Version 16
VisualStudioVersion = 16.0.31105.61
MinimumVisualStudioVersion = 10.0.40219.1
Project("{FAE04EC0-301F-11D3-BF4B-00C04F79EFBC}") = "LabN", "LabN\LabN.csproj", "{5B086058-4C24-4CB3-988E-4A8090DA992E}"
EndProject
Global
	GlobalSection(SolutionConfigurationPlatforms) = preSolution
		Debug|Any CPU = Debug|Any CPU
		Release|Any CPU = Release|Any CPU
	EndGlobalSection
	GlobalSection(ProjectConfigurationPlatforms) = postSolution
		{5B086058-4C24-4CB3-988E-4A8090DA992E}.Debug|Any CPU.ActiveCfg = Debug|Any CPU
		{5B086058-4C24-4CB3-988E-4A8090DA992E}.Debug|Any CPU.Build.0 = Debug|Any CPU
		{5B086058-4C24-4CB3-988E-4A8090DA992E}.Release|Any CPU.ActiveCfg = Release|Any CPU
		{5B086058-4C24-4CB3-988E-4A8090DA992E}.Release|Any CPU.Build.0 = Release|Any CPU
	EndGlobalSection
	GlobalSection(SolutionProperties) = preSolution
		HideSolutionNode = FALSE
	EndGlobalSection
	GlobalSection(ExtensibilityGlobals) = postSolution
		SolutionGuid = {2C031EC4-DAD1-4186-8E68-36FAD9C389D5}
	EndGlobalSection
EndGlobal
